{
  "name": "Backend",
  "lockfileVersion": 3,
  "requires": true,
  "packages": {
    "": {
      "dependencies": {
        "@tdem6842/medium-common": "^1.0.0"
      }
    },
    "node_modules/@tdem6842/medium-common": {
      "version": "1.0.0",
      "resolved": "https://registry.npmjs.org/@tdem6842/medium-common/-/medium-common-1.0.0.tgz",
      "integrity": "sha512-3yyPJZPhSMGMRaPY798feIpZsj9IOEsN2e2N/RoYjUiyy7HDiILK3czHhHhZHVG+iO9oiiASq88eSiZqh/BmmQ==",
      "license": "ISC",
      "dependencies": {
        "zod": "^3.25.64"
      }
    },
    "node_modules/zod": {
      "version": "3.25.64",
      "resolved": "https://registry.npmjs.org/zod/-/zod-3.25.64.tgz",
      "integrity": "sha512-hbP9FpSZf7pkS7hRVUrOjhwKJNyampPgtXKc3AN6DsWtoHsg2Sb4SQaS4Tcay380zSwd2VPo9G9180emBACp5g==",
      "license": "MIT",
      "funding": {
        "url": "https://github.com/sponsors/colinhacks"
      }
    }
  }
}
